// !$*UTF8*$!
{
	archiveVersion = 1;
	classes = {
	};
	objectVersion = 51;
	objects = {

/* Begin PBXBuildFile section */
		4318922F2B559FDCFD6AC25B /* Pods_EmployeesAndGallery.framework in Frameworks */ = {isa = PBXBuildFile; fileRef = 9A9B57A7FEBFCDA76E815652 /* Pods_EmployeesAndGallery.framework */; };
		99B3884126B5485D00CDD957 /* AppDelegate.swift in Sources */ = {isa = PBXBuildFile; fileRef = 99B3884026B5485D00CDD957 /* AppDelegate.swift */; };
		99B3884B26B5485D00CDD957 /* EmployeesAndGallery.xcdatamodeld in Sources */ = {isa = PBXBuildFile; fileRef = 99B3884926B5485D00CDD957 /* EmployeesAndGallery.xcdatamodeld */; };
		99B3884D26B5485F00CDD957 /* Assets.xcassets in Resources */ = {isa = PBXBuildFile; fileRef = 99B3884C26B5485F00CDD957 /* Assets.xcassets */; };
		99B3885026B5485F00CDD957 /* LaunchScreen.storyboard in Resources */ = {isa = PBXBuildFile; fileRef = 99B3884E26B5485F00CDD957 /* LaunchScreen.storyboard */; };
		99B3886C26B5533C00CDD957 /* R.generated.swift in Sources */ = {isa = PBXBuildFile; fileRef = 99B3886B26B5533C00CDD957 /* R.generated.swift */; };
		99B3886F26B5536600CDD957 /* Localizable.strings in Resources */ = {isa = PBXBuildFile; fileRef = 99B3886E26B5536600CDD957 /* Localizable.strings */; };
		99B3887526B5589200CDD957 /* BaseViewController.swift in Sources */ = {isa = PBXBuildFile; fileRef = 99B3887426B5589200CDD957 /* BaseViewController.swift */; };
		99B3887926B5590200CDD957 /* Autolayout.swift in Sources */ = {isa = PBXBuildFile; fileRef = 99B3887826B5590200CDD957 /* Autolayout.swift */; };
		99B3887D26B5592F00CDD957 /* ActivityView.swift in Sources */ = {isa = PBXBuildFile; fileRef = 99B3887C26B5592F00CDD957 /* ActivityView.swift */; };
		99B3888126B5598800CDD957 /* UIViewController+extensions.swift in Sources */ = {isa = PBXBuildFile; fileRef = 99B3888026B5598800CDD957 /* UIViewController+extensions.swift */; };
		99B3888626B55A4300CDD957 /* AppFlowController.swift in Sources */ = {isa = PBXBuildFile; fileRef = 99B3888526B55A4300CDD957 /* AppFlowController.swift */; };
		99B3889126B55B9500CDD957 /* MainFlowController.swift in Sources */ = {isa = PBXBuildFile; fileRef = 99B3889026B55B9400CDD957 /* MainFlowController.swift */; };
		99B3889626B56A3200CDD957 /* EmployeesFlowController.swift in Sources */ = {isa = PBXBuildFile; fileRef = 99B3889526B56A3200CDD957 /* EmployeesFlowController.swift */; };
		99B3889A26B56B2B00CDD957 /* EmployeesViewController.swift in Sources */ = {isa = PBXBuildFile; fileRef = 99B3889926B56B2B00CDD957 /* EmployeesViewController.swift */; };
		99B388EE26B59A4D00CDD957 /* Employee+CoreDataClass.swift in Sources */ = {isa = PBXBuildFile; fileRef = 99B388E626B59A4D00CDD957 /* Employee+CoreDataClass.swift */; };
		99B388EF26B59A4D00CDD957 /* Employee+CoreDataProperties.swift in Sources */ = {isa = PBXBuildFile; fileRef = 99B388E726B59A4D00CDD957 /* Employee+CoreDataProperties.swift */; };
		99B388F026B59A4D00CDD957 /* Management+CoreDataClass.swift in Sources */ = {isa = PBXBuildFile; fileRef = 99B388E826B59A4D00CDD957 /* Management+CoreDataClass.swift */; };
		99B388F126B59A4D00CDD957 /* BaseEmployee+CoreDataClass.swift in Sources */ = {isa = PBXBuildFile; fileRef = 99B388E926B59A4D00CDD957 /* BaseEmployee+CoreDataClass.swift */; };
		99B388F226B59A4D00CDD957 /* BaseEmployee+CoreDataProperties.swift in Sources */ = {isa = PBXBuildFile; fileRef = 99B388EA26B59A4D00CDD957 /* BaseEmployee+CoreDataProperties.swift */; };
		99B388F326B59A4D00CDD957 /* Accountant+CoreDataClass.swift in Sources */ = {isa = PBXBuildFile; fileRef = 99B388EB26B59A4D00CDD957 /* Accountant+CoreDataClass.swift */; };
		99B388F426B59A4D00CDD957 /* Management+CoreDataProperties.swift in Sources */ = {isa = PBXBuildFile; fileRef = 99B388EC26B59A4D00CDD957 /* Management+CoreDataProperties.swift */; };
		99B388F526B59A4D00CDD957 /* Accountant+CoreDataProperties.swift in Sources */ = {isa = PBXBuildFile; fileRef = 99B388ED26B59A4D00CDD957 /* Accountant+CoreDataProperties.swift */; };
		99B388FF26B5AE7600CDD957 /* AddEmployeeViewController.swift in Sources */ = {isa = PBXBuildFile; fileRef = 99B388FE26B5AE7600CDD957 /* AddEmployeeViewController.swift */; };
		99B3890826B5D27300CDD957 /* AddEmployeeTableViewCell.xib in Resources */ = {isa = PBXBuildFile; fileRef = 99B3890726B5D27300CDD957 /* AddEmployeeTableViewCell.xib */; };
		99B3890B26B5D48600CDD957 /* AddEmployeeTableViewCell.swift in Sources */ = {isa = PBXBuildFile; fileRef = 99B3890A26B5D48600CDD957 /* AddEmployeeTableViewCell.swift */; };
		99B3890E26B5D55300CDD957 /* SegmentControlHeaderView.swift in Sources */ = {isa = PBXBuildFile; fileRef = 99B3890D26B5D55300CDD957 /* SegmentControlHeaderView.swift */; };
		99B3891326B5D58800CDD957 /* SegmentControlHeaderView.xib in Resources */ = {isa = PBXBuildFile; fileRef = 99B3891226B5D58800CDD957 /* SegmentControlHeaderView.xib */; };
		99B3891626B5D85E00CDD957 /* UITableView+reusable.swift in Sources */ = {isa = PBXBuildFile; fileRef = 99B3891526B5D85E00CDD957 /* UITableView+reusable.swift */; };
		99B3892026B5E68900CDD957 /* UIView+loadNib.swift in Sources */ = {isa = PBXBuildFile; fileRef = 99B3891F26B5E68900CDD957 /* UIView+loadNib.swift */; };
		99B3892E26B69C4900CDD957 /* GalleryViewCell.swift in Sources */ = {isa = PBXBuildFile; fileRef = 99B3892A26B69C4900CDD957 /* GalleryViewCell.swift */; };
		99B3892F26B69C4900CDD957 /* GalleryViewController.swift in Sources */ = {isa = PBXBuildFile; fileRef = 99B3892B26B69C4900CDD957 /* GalleryViewController.swift */; };
		99B3893326B69DEB00CDD957 /* UICollectionView+reusable.swift in Sources */ = {isa = PBXBuildFile; fileRef = 99B3893226B69DEB00CDD957 /* UICollectionView+reusable.swift */; };
		99B3893D26B6A3E400CDD957 /* GalleryViewController.xib in Resources */ = {isa = PBXBuildFile; fileRef = 99B3893C26B6A3E400CDD957 /* GalleryViewController.xib */; };
		99B3894026B6A47600CDD957 /* GalleryViewCell.xib in Resources */ = {isa = PBXBuildFile; fileRef = 99B3893F26B6A47600CDD957 /* GalleryViewCell.xib */; };
		99B3894C26B6F3B000CDD957 /* PersistentContainer.swift in Sources */ = {isa = PBXBuildFile; fileRef = 99B3894B26B6F3B000CDD957 /* PersistentContainer.swift */; };
		99B3895326B71F0800CDD957 /* EmployeesTableViewCell.swift in Sources */ = {isa = PBXBuildFile; fileRef = 99B3895226B71F0800CDD957 /* EmployeesTableViewCell.swift */; };
		99B3895726B71F3600CDD957 /* EmployeesTableViewCell.xib in Resources */ = {isa = PBXBuildFile; fileRef = 99B3895626B71F3600CDD957 /* EmployeesTableViewCell.xib */; };
/* End PBXBuildFile section */

/* Begin PBXFileReference section */
		11A50A4B65FE2A7DB87E7488 /* Pods-EmployeesAndGallery.debug.xcconfig */ = {isa = PBXFileReference; includeInIndex = 1; lastKnownFileType = text.xcconfig; name = "Pods-EmployeesAndGallery.debug.xcconfig"; path = "Target Support Files/Pods-EmployeesAndGallery/Pods-EmployeesAndGallery.debug.xcconfig"; sourceTree = "<group>"; };
		4E5DBCA6C8E86CC88A846C9C /* Pods-EmployeesAndGallery.release.xcconfig */ = {isa = PBXFileReference; includeInIndex = 1; lastKnownFileType = text.xcconfig; name = "Pods-EmployeesAndGallery.release.xcconfig"; path = "Target Support Files/Pods-EmployeesAndGallery/Pods-EmployeesAndGallery.release.xcconfig"; sourceTree = "<group>"; };
		99B3883D26B5485D00CDD957 /* EmployeesAndGallery.app */ = {isa = PBXFileReference; explicitFileType = wrapper.application; includeInIndex = 0; path = EmployeesAndGallery.app; sourceTree = BUILT_PRODUCTS_DIR; };
		99B3884026B5485D00CDD957 /* AppDelegate.swift */ = {isa = PBXFileReference; lastKnownFileType = sourcecode.swift; path = AppDelegate.swift; sourceTree = "<group>"; };
		99B3884A26B5485D00CDD957 /* EmployeesAndGallery.xcdatamodel */ = {isa = PBXFileReference; lastKnownFileType = wrapper.xcdatamodel; path = EmployeesAndGallery.xcdatamodel; sourceTree = "<group>"; };
		99B3884C26B5485F00CDD957 /* Assets.xcassets */ = {isa = PBXFileReference; lastKnownFileType = folder.assetcatalog; path = Assets.xcassets; sourceTree = "<group>"; };
		99B3884F26B5485F00CDD957 /* Base */ = {isa = PBXFileReference; lastKnownFileType = file.storyboard; name = Base; path = Base.lproj/LaunchScreen.storyboard; sourceTree = "<group>"; };
		99B3885126B5485F00CDD957 /* Info.plist */ = {isa = PBXFileReference; lastKnownFileType = text.plist.xml; path = Info.plist; sourceTree = "<group>"; };
		99B3886B26B5533C00CDD957 /* R.generated.swift */ = {isa = PBXFileReference; fileEncoding = 4; lastKnownFileType = sourcecode.swift; path = R.generated.swift; sourceTree = "<group>"; };
		99B3886E26B5536600CDD957 /* Localizable.strings */ = {isa = PBXFileReference; fileEncoding = 4; lastKnownFileType = text.plist.strings; path = Localizable.strings; sourceTree = "<group>"; };
		99B3887426B5589200CDD957 /* BaseViewController.swift */ = {isa = PBXFileReference; lastKnownFileType = sourcecode.swift; path = BaseViewController.swift; sourceTree = "<group>"; };
		99B3887826B5590200CDD957 /* Autolayout.swift */ = {isa = PBXFileReference; fileEncoding = 4; lastKnownFileType = sourcecode.swift; path = Autolayout.swift; sourceTree = "<group>"; };
		99B3887C26B5592F00CDD957 /* ActivityView.swift */ = {isa = PBXFileReference; lastKnownFileType = sourcecode.swift; path = ActivityView.swift; sourceTree = "<group>"; };
		99B3888026B5598800CDD957 /* UIViewController+extensions.swift */ = {isa = PBXFileReference; fileEncoding = 4; lastKnownFileType = sourcecode.swift; path = "UIViewController+extensions.swift"; sourceTree = "<group>"; };
		99B3888526B55A4300CDD957 /* AppFlowController.swift */ = {isa = PBXFileReference; lastKnownFileType = sourcecode.swift; path = AppFlowController.swift; sourceTree = "<group>"; };
		99B3889026B55B9400CDD957 /* MainFlowController.swift */ = {isa = PBXFileReference; lastKnownFileType = sourcecode.swift; path = MainFlowController.swift; sourceTree = "<group>"; };
		99B3889526B56A3200CDD957 /* EmployeesFlowController.swift */ = {isa = PBXFileReference; lastKnownFileType = sourcecode.swift; path = EmployeesFlowController.swift; sourceTree = "<group>"; };
		99B3889926B56B2B00CDD957 /* EmployeesViewController.swift */ = {isa = PBXFileReference; lastKnownFileType = sourcecode.swift; path = EmployeesViewController.swift; sourceTree = "<group>"; };
		99B388E626B59A4D00CDD957 /* Employee+CoreDataClass.swift */ = {isa = PBXFileReference; fileEncoding = 4; lastKnownFileType = sourcecode.swift; path = "Employee+CoreDataClass.swift"; sourceTree = "<group>"; };
		99B388E726B59A4D00CDD957 /* Employee+CoreDataProperties.swift */ = {isa = PBXFileReference; fileEncoding = 4; lastKnownFileType = sourcecode.swift; path = "Employee+CoreDataProperties.swift"; sourceTree = "<group>"; };
		99B388E826B59A4D00CDD957 /* Management+CoreDataClass.swift */ = {isa = PBXFileReference; fileEncoding = 4; lastKnownFileType = sourcecode.swift; path = "Management+CoreDataClass.swift"; sourceTree = "<group>"; };
		99B388E926B59A4D00CDD957 /* BaseEmployee+CoreDataClass.swift */ = {isa = PBXFileReference; fileEncoding = 4; lastKnownFileType = sourcecode.swift; path = "BaseEmployee+CoreDataClass.swift"; sourceTree = "<group>"; };
		99B388EA26B59A4D00CDD957 /* BaseEmployee+CoreDataProperties.swift */ = {isa = PBXFileReference; fileEncoding = 4; lastKnownFileType = sourcecode.swift; path = "BaseEmployee+CoreDataProperties.swift"; sourceTree = "<group>"; };
		99B388EB26B59A4D00CDD957 /* Accountant+CoreDataClass.swift */ = {isa = PBXFileReference; fileEncoding = 4; lastKnownFileType = sourcecode.swift; path = "Accountant+CoreDataClass.swift"; sourceTree = "<group>"; };
		99B388EC26B59A4D00CDD957 /* Management+CoreDataProperties.swift */ = {isa = PBXFileReference; fileEncoding = 4; lastKnownFileType = sourcecode.swift; path = "Management+CoreDataProperties.swift"; sourceTree = "<group>"; };
		99B388ED26B59A4D00CDD957 /* Accountant+CoreDataProperties.swift */ = {isa = PBXFileReference; fileEncoding = 4; lastKnownFileType = sourcecode.swift; path = "Accountant+CoreDataProperties.swift"; sourceTree = "<group>"; };
		99B388FE26B5AE7600CDD957 /* AddEmployeeViewController.swift */ = {isa = PBXFileReference; lastKnownFileType = sourcecode.swift; path = AddEmployeeViewController.swift; sourceTree = "<group>"; };
		99B3890726B5D27300CDD957 /* AddEmployeeTableViewCell.xib */ = {isa = PBXFileReference; lastKnownFileType = file.xib; path = AddEmployeeTableViewCell.xib; sourceTree = "<group>"; };
		99B3890A26B5D48600CDD957 /* AddEmployeeTableViewCell.swift */ = {isa = PBXFileReference; lastKnownFileType = sourcecode.swift; path = AddEmployeeTableViewCell.swift; sourceTree = "<group>"; };
		99B3890D26B5D55300CDD957 /* SegmentControlHeaderView.swift */ = {isa = PBXFileReference; lastKnownFileType = sourcecode.swift; path = SegmentControlHeaderView.swift; sourceTree = "<group>"; };
		99B3891226B5D58800CDD957 /* SegmentControlHeaderView.xib */ = {isa = PBXFileReference; lastKnownFileType = file.xib; path = SegmentControlHeaderView.xib; sourceTree = "<group>"; };
		99B3891526B5D85E00CDD957 /* UITableView+reusable.swift */ = {isa = PBXFileReference; fileEncoding = 4; lastKnownFileType = sourcecode.swift; path = "UITableView+reusable.swift"; sourceTree = "<group>"; };
		99B3891F26B5E68900CDD957 /* UIView+loadNib.swift */ = {isa = PBXFileReference; lastKnownFileType = sourcecode.swift; path = "UIView+loadNib.swift"; sourceTree = "<group>"; };
		99B3892A26B69C4900CDD957 /* GalleryViewCell.swift */ = {isa = PBXFileReference; lastKnownFileType = sourcecode.swift; path = GalleryViewCell.swift; sourceTree = "<group>"; };
		99B3892B26B69C4900CDD957 /* GalleryViewController.swift */ = {isa = PBXFileReference; lastKnownFileType = sourcecode.swift; path = GalleryViewController.swift; sourceTree = "<group>"; };
		99B3893226B69DEB00CDD957 /* UICollectionView+reusable.swift */ = {isa = PBXFileReference; fileEncoding = 4; lastKnownFileType = sourcecode.swift; path = "UICollectionView+reusable.swift"; sourceTree = "<group>"; };
		99B3893C26B6A3E400CDD957 /* GalleryViewController.xib */ = {isa = PBXFileReference; lastKnownFileType = file.xib; path = GalleryViewController.xib; sourceTree = "<group>"; };
		99B3893F26B6A47600CDD957 /* GalleryViewCell.xib */ = {isa = PBXFileReference; lastKnownFileType = file.xib; path = GalleryViewCell.xib; sourceTree = "<group>"; };
		99B3894B26B6F3B000CDD957 /* PersistentContainer.swift */ = {isa = PBXFileReference; lastKnownFileType = sourcecode.swift; path = PersistentContainer.swift; sourceTree = "<group>"; };
		99B3895226B71F0800CDD957 /* EmployeesTableViewCell.swift */ = {isa = PBXFileReference; lastKnownFileType = sourcecode.swift; path = EmployeesTableViewCell.swift; sourceTree = "<group>"; };
		99B3895626B71F3600CDD957 /* EmployeesTableViewCell.xib */ = {isa = PBXFileReference; lastKnownFileType = file.xib; path = EmployeesTableViewCell.xib; sourceTree = "<group>"; };
		9A9B57A7FEBFCDA76E815652 /* Pods_EmployeesAndGallery.framework */ = {isa = PBXFileReference; explicitFileType = wrapper.framework; includeInIndex = 0; path = Pods_EmployeesAndGallery.framework; sourceTree = BUILT_PRODUCTS_DIR; };
/* End PBXFileReference section */

/* Begin PBXFrameworksBuildPhase section */
		99B3883A26B5485D00CDD957 /* Frameworks */ = {
			isa = PBXFrameworksBuildPhase;
			buildActionMask = 2147483647;
			files = (
				4318922F2B559FDCFD6AC25B /* Pods_EmployeesAndGallery.framework in Frameworks */,
			);
			runOnlyForDeploymentPostprocessing = 0;
		};
/* End PBXFrameworksBuildPhase section */

/* Begin PBXGroup section */
		256240200FEAE633907E1092 /* Frameworks */ = {
			isa = PBXGroup;
			children = (
				9A9B57A7FEBFCDA76E815652 /* Pods_EmployeesAndGallery.framework */,
			);
			name = Frameworks;
			sourceTree = "<group>";
		};
		99B3883426B5485D00CDD957 = {
			isa = PBXGroup;
			children = (
				99B3883F26B5485D00CDD957 /* EmployeesAndGallery */,
				99B3883E26B5485D00CDD957 /* Products */,
				BD8BF15CF97129C0D0871593 /* Pods */,
				256240200FEAE633907E1092 /* Frameworks */,
			);
			sourceTree = "<group>";
		};
		99B3883E26B5485D00CDD957 /* Products */ = {
			isa = PBXGroup;
			children = (
				99B3883D26B5485D00CDD957 /* EmployeesAndGallery.app */,
			);
			name = Products;
			sourceTree = "<group>";
		};
		99B3883F26B5485D00CDD957 /* EmployeesAndGallery */ = {
			isa = PBXGroup;
			children = (
				99B3884026B5485D00CDD957 /* AppDelegate.swift */,
				99B3887326B5587900CDD957 /* Common */,
				99B3887126B5586900CDD957 /* ViewControllers */,
				99B388B226B58AA200CDD957 /* CoreData */,
				99B3886426B5525C00CDD957 /* Resources */,
				99B3885126B5485F00CDD957 /* Info.plist */,
			);
			path = EmployeesAndGallery;
			sourceTree = "<group>";
		};
		99B3886426B5525C00CDD957 /* Resources */ = {
			isa = PBXGroup;
			children = (
				99B3884C26B5485F00CDD957 /* Assets.xcassets */,
				99B3886B26B5533C00CDD957 /* R.generated.swift */,
				99B3886E26B5536600CDD957 /* Localizable.strings */,
				99B3884E26B5485F00CDD957 /* LaunchScreen.storyboard */,
			);
			path = Resources;
			sourceTree = "<group>";
		};
		99B3887126B5586900CDD957 /* ViewControllers */ = {
			isa = PBXGroup;
			children = (
				99B3888526B55A4300CDD957 /* AppFlowController.swift */,
				99B3888926B55B2C00CDD957 /* Base */,
				99B3888826B55B1E00CDD957 /* Main */,
			);
			path = ViewControllers;
			sourceTree = "<group>";
		};
		99B3887226B5587200CDD957 /* Models */ = {
			isa = PBXGroup;
			children = (
				99B388EB26B59A4D00CDD957 /* Accountant+CoreDataClass.swift */,
				99B388E926B59A4D00CDD957 /* BaseEmployee+CoreDataClass.swift */,
				99B388E626B59A4D00CDD957 /* Employee+CoreDataClass.swift */,
				99B388E826B59A4D00CDD957 /* Management+CoreDataClass.swift */,
			);
			path = Models;
			sourceTree = "<group>";
		};
		99B3887326B5587900CDD957 /* Common */ = {
			isa = PBXGroup;
			children = (
				99B3887F26B5596000CDD957 /* Extensions */,
				99B3887B26B5592200CDD957 /* Views */,
				99B3887826B5590200CDD957 /* Autolayout.swift */,
			);
			path = Common;
			sourceTree = "<group>";
		};
		99B3887B26B5592200CDD957 /* Views */ = {
			isa = PBXGroup;
			children = (
				99B3887C26B5592F00CDD957 /* ActivityView.swift */,
			);
			path = Views;
			sourceTree = "<group>";
		};
		99B3887F26B5596000CDD957 /* Extensions */ = {
			isa = PBXGroup;
			children = (
				99B3891526B5D85E00CDD957 /* UITableView+reusable.swift */,
				99B3893226B69DEB00CDD957 /* UICollectionView+reusable.swift */,
				99B3888026B5598800CDD957 /* UIViewController+extensions.swift */,
				99B3891F26B5E68900CDD957 /* UIView+loadNib.swift */,
			);
			path = Extensions;
			sourceTree = "<group>";
		};
		99B3888826B55B1E00CDD957 /* Main */ = {
			isa = PBXGroup;
			children = (
				99B3889026B55B9400CDD957 /* MainFlowController.swift */,
				99B3889426B56A1300CDD957 /* Gallery */,
				99B3889326B569FC00CDD957 /* Employees */,
			);
			path = Main;
			sourceTree = "<group>";
		};
		99B3888926B55B2C00CDD957 /* Base */ = {
			isa = PBXGroup;
			children = (
				99B3887426B5589200CDD957 /* BaseViewController.swift */,
			);
			path = Base;
			sourceTree = "<group>";
		};
		99B3889326B569FC00CDD957 /* Employees */ = {
			isa = PBXGroup;
			children = (
				99B3895126B71EF200CDD957 /* Views */,
				99B3889526B56A3200CDD957 /* EmployeesFlowController.swift */,
				99B3889926B56B2B00CDD957 /* EmployeesViewController.swift */,
				99B3895026B71EB500CDD957 /* AddEmployee */,
			);
			path = Employees;
			sourceTree = "<group>";
		};
		99B3889426B56A1300CDD957 /* Gallery */ = {
			isa = PBXGroup;
			children = (
				99B3894226B6B02C00CDD957 /* Cell */,
				99B3892B26B69C4900CDD957 /* GalleryViewController.swift */,
				99B3893C26B6A3E400CDD957 /* GalleryViewController.xib */,
			);
			path = Gallery;
			sourceTree = "<group>";
		};
		99B388B226B58AA200CDD957 /* CoreData */ = {
			isa = PBXGroup;
			children = (
				99B3887226B5587200CDD957 /* Models */,
				99B388F726B59B3D00CDD957 /* Extensions */,
				99B3884926B5485D00CDD957 /* EmployeesAndGallery.xcdatamodeld */,
				99B3894B26B6F3B000CDD957 /* PersistentContainer.swift */,
			);
			path = CoreData;
			sourceTree = "<group>";
		};
		99B388F726B59B3D00CDD957 /* Extensions */ = {
			isa = PBXGroup;
			children = (
				99B388ED26B59A4D00CDD957 /* Accountant+CoreDataProperties.swift */,
				99B388EA26B59A4D00CDD957 /* BaseEmployee+CoreDataProperties.swift */,
				99B388E726B59A4D00CDD957 /* Employee+CoreDataProperties.swift */,
				99B388EC26B59A4D00CDD957 /* Management+CoreDataProperties.swift */,
			);
			path = Extensions;
			sourceTree = "<group>";
		};
		99B3890626B5D24400CDD957 /* Views */ = {
			isa = PBXGroup;
			children = (
				99B3890726B5D27300CDD957 /* AddEmployeeTableViewCell.xib */,
				99B3890A26B5D48600CDD957 /* AddEmployeeTableViewCell.swift */,
				99B3890D26B5D55300CDD957 /* SegmentControlHeaderView.swift */,
				99B3891226B5D58800CDD957 /* SegmentControlHeaderView.xib */,
			);
			path = Views;
			sourceTree = "<group>";
		};
		99B3894226B6B02C00CDD957 /* Cell */ = {
			isa = PBXGroup;
			children = (
				99B3892A26B69C4900CDD957 /* GalleryViewCell.swift */,
				99B3893F26B6A47600CDD957 /* GalleryViewCell.xib */,
			);
			path = Cell;
			sourceTree = "<group>";
		};
		99B3895026B71EB500CDD957 /* AddEmployee */ = {
			isa = PBXGroup;
			children = (
				99B3890626B5D24400CDD957 /* Views */,
				99B388FE26B5AE7600CDD957 /* AddEmployeeViewController.swift */,
			);
			path = AddEmployee;
			sourceTree = "<group>";
		};
		99B3895126B71EF200CDD957 /* Views */ = {
			isa = PBXGroup;
			children = (
				99B3895226B71F0800CDD957 /* EmployeesTableViewCell.swift */,
				99B3895626B71F3600CDD957 /* EmployeesTableViewCell.xib */,
			);
			path = Views;
			sourceTree = "<group>";
		};
		BD8BF15CF97129C0D0871593 /* Pods */ = {
			isa = PBXGroup;
			children = (
				11A50A4B65FE2A7DB87E7488 /* Pods-EmployeesAndGallery.debug.xcconfig */,
				4E5DBCA6C8E86CC88A846C9C /* Pods-EmployeesAndGallery.release.xcconfig */,
			);
			path = Pods;
			sourceTree = "<group>";
		};
/* End PBXGroup section */

/* Begin PBXNativeTarget section */
		99B3883C26B5485D00CDD957 /* EmployeesAndGallery */ = {
			isa = PBXNativeTarget;
			buildConfigurationList = 99B3885426B5485F00CDD957 /* Build configuration list for PBXNativeTarget "EmployeesAndGallery" */;
			buildPhases = (
				67852A8227DF899C93BE340F /* [CP] Check Pods Manifest.lock */,
				99B3886326B5522F00CDD957 /* R.swift */,
				99B3883926B5485D00CDD957 /* Sources */,
				99B3883A26B5485D00CDD957 /* Frameworks */,
				99B3883B26B5485D00CDD957 /* Resources */,
				6C2FA0E1BFCBB671E2FFF0CE /* [CP] Embed Pods Frameworks */,
			);
			buildRules = (
			);
			dependencies = (
			);
			name = EmployeesAndGallery;
			productName = EmployeesAndGallery;
			productReference = 99B3883D26B5485D00CDD957 /* EmployeesAndGallery.app */;
			productType = "com.apple.product-type.application";
		};
/* End PBXNativeTarget section */

/* Begin PBXProject section */
		99B3883526B5485D00CDD957 /* Project object */ = {
			isa = PBXProject;
			attributes = {
				LastSwiftUpdateCheck = 1220;
				LastUpgradeCheck = 1220;
				TargetAttributes = {
					99B3883C26B5485D00CDD957 = {
						CreatedOnToolsVersion = 12.2;
					};
				};
			};
			buildConfigurationList = 99B3883826B5485D00CDD957 /* Build configuration list for PBXProject "EmployeesAndGallery" */;
			compatibilityVersion = "Xcode 9.3";
			developmentRegion = en;
			hasScannedForEncodings = 0;
			knownRegions = (
				en,
				Base,
			);
			mainGroup = 99B3883426B5485D00CDD957;
			productRefGroup = 99B3883E26B5485D00CDD957 /* Products */;
			projectDirPath = "";
			projectRoot = "";
			targets = (
				99B3883C26B5485D00CDD957 /* EmployeesAndGallery */,
			);
		};
/* End PBXProject section */

/* Begin PBXResourcesBuildPhase section */
		99B3883B26B5485D00CDD957 /* Resources */ = {
			isa = PBXResourcesBuildPhase;
			buildActionMask = 2147483647;
			files = (
				99B3885026B5485F00CDD957 /* LaunchScreen.storyboard in Resources */,
				99B3895726B71F3600CDD957 /* EmployeesTableViewCell.xib in Resources */,
				99B3894026B6A47600CDD957 /* GalleryViewCell.xib in Resources */,
				99B3893D26B6A3E400CDD957 /* GalleryViewController.xib in Resources */,
				99B3886F26B5536600CDD957 /* Localizable.strings in Resources */,
				99B3884D26B5485F00CDD957 /* Assets.xcassets in Resources */,
				99B3890826B5D27300CDD957 /* AddEmployeeTableViewCell.xib in Resources */,
				99B3891326B5D58800CDD957 /* SegmentControlHeaderView.xib in Resources */,
			);
			runOnlyForDeploymentPostprocessing = 0;
		};
/* End PBXResourcesBuildPhase section */

/* Begin PBXShellScriptBuildPhase section */
		67852A8227DF899C93BE340F /* [CP] Check Pods Manifest.lock */ = {
			isa = PBXShellScriptBuildPhase;
			buildActionMask = 2147483647;
			files = (
			);
			inputFileListPaths = (
			);
			inputPaths = (
				"${PODS_PODFILE_DIR_PATH}/Podfile.lock",
				"${PODS_ROOT}/Manifest.lock",
			);
			name = "[CP] Check Pods Manifest.lock";
			outputFileListPaths = (
			);
			outputPaths = (
				"$(DERIVED_FILE_DIR)/Pods-EmployeesAndGallery-checkManifestLockResult.txt",
			);
			runOnlyForDeploymentPostprocessing = 0;
			shellPath = /bin/sh;
			shellScript = "diff \"${PODS_PODFILE_DIR_PATH}/Podfile.lock\" \"${PODS_ROOT}/Manifest.lock\" > /dev/null\nif [ $? != 0 ] ; then\n    # print error to STDERR\n    echo \"error: The sandbox is not in sync with the Podfile.lock. Run 'pod install' or update your CocoaPods installation.\" >&2\n    exit 1\nfi\n# This output is used by Xcode 'outputs' to avoid re-running this script phase.\necho \"SUCCESS\" > \"${SCRIPT_OUTPUT_FILE_0}\"\n";
			showEnvVarsInLog = 0;
		};
		6C2FA0E1BFCBB671E2FFF0CE /* [CP] Embed Pods Frameworks */ = {
			isa = PBXShellScriptBuildPhase;
			buildActionMask = 2147483647;
			files = (
			);
			inputFileListPaths = (
				"${PODS_ROOT}/Target Support Files/Pods-EmployeesAndGallery/Pods-EmployeesAndGallery-frameworks-${CONFIGURATION}-input-files.xcfilelist",
			);
			name = "[CP] Embed Pods Frameworks";
			outputFileListPaths = (
				"${PODS_ROOT}/Target Support Files/Pods-EmployeesAndGallery/Pods-EmployeesAndGallery-frameworks-${CONFIGURATION}-output-files.xcfilelist",
			);
			runOnlyForDeploymentPostprocessing = 0;
			shellPath = /bin/sh;
			shellScript = "\"${PODS_ROOT}/Target Support Files/Pods-EmployeesAndGallery/Pods-EmployeesAndGallery-frameworks.sh\"\n";
			showEnvVarsInLog = 0;
		};
		99B3886326B5522F00CDD957 /* R.swift */ = {
			isa = PBXShellScriptBuildPhase;
			buildActionMask = 2147483647;
			files = (
			);
			inputFileListPaths = (
			);
			inputPaths = (
				"$TEMP_DIR/rswift-lastrun",
			);
			name = R.swift;
			outputFileListPaths = (
			);
			outputPaths = (
				$SRCROOT/EmployeesAndGallery/Resources/R.generated.swift,
			);
			runOnlyForDeploymentPostprocessing = 0;
			shellPath = /bin/sh;
			shellScript = "\"$PODS_ROOT/R.swift/rswift\" generate \"$SRCROOT/EmployeesAndGallery/Resources/R.generated.swift\"\n";
		};
/* End PBXShellScriptBuildPhase section */

/* Begin PBXSourcesBuildPhase section */
		99B3883926B5485D00CDD957 /* Sources */ = {
			isa = PBXSourcesBuildPhase;
			buildActionMask = 2147483647;
			files = (
				99B3887526B5589200CDD957 /* BaseViewController.swift in Sources */,
				99B3892F26B69C4900CDD957 /* GalleryViewController.swift in Sources */,
				99B3884B26B5485D00CDD957 /* EmployeesAndGallery.xcdatamodeld in Sources */,
				99B3887926B5590200CDD957 /* Autolayout.swift in Sources */,
				99B3894C26B6F3B000CDD957 /* PersistentContainer.swift in Sources */,
				99B3892026B5E68900CDD957 /* UIView+loadNib.swift in Sources */,
				99B388FF26B5AE7600CDD957 /* AddEmployeeViewController.swift in Sources */,
				99B3891626B5D85E00CDD957 /* UITableView+reusable.swift in Sources */,
				99B388EF26B59A4D00CDD957 /* Employee+CoreDataProperties.swift in Sources */,
				99B3889A26B56B2B00CDD957 /* EmployeesViewController.swift in Sources */,
				99B388F226B59A4D00CDD957 /* BaseEmployee+CoreDataProperties.swift in Sources */,
				99B3890E26B5D55300CDD957 /* SegmentControlHeaderView.swift in Sources */,
				99B388EE26B59A4D00CDD957 /* Employee+CoreDataClass.swift in Sources */,
				99B3889126B55B9500CDD957 /* MainFlowController.swift in Sources */,
				99B388F326B59A4D00CDD957 /* Accountant+CoreDataClass.swift in Sources */,
				99B3893326B69DEB00CDD957 /* UICollectionView+reusable.swift in Sources */,
				99B3890B26B5D48600CDD957 /* AddEmployeeTableViewCell.swift in Sources */,
				99B3888126B5598800CDD957 /* UIViewController+extensions.swift in Sources */,
				99B388F026B59A4D00CDD957 /* Management+CoreDataClass.swift in Sources */,
				99B3895326B71F0800CDD957 /* EmployeesTableViewCell.swift in Sources */,
				99B388F526B59A4D00CDD957 /* Accountant+CoreDataProperties.swift in Sources */,
				99B3889626B56A3200CDD957 /* EmployeesFlowController.swift in Sources */,
				99B3887D26B5592F00CDD957 /* ActivityView.swift in Sources */,
				99B3884126B5485D00CDD957 /* AppDelegate.swift in Sources */,
				99B388F126B59A4D00CDD957 /* BaseEmployee+CoreDataClass.swift in Sources */,
				99B3892E26B69C4900CDD957 /* GalleryViewCell.swift in Sources */,
				99B3886C26B5533C00CDD957 /* R.generated.swift in Sources */,
				99B388F426B59A4D00CDD957 /* Management+CoreDataProperties.swift in Sources */,
				99B3888626B55A4300CDD957 /* AppFlowController.swift in Sources */,
			);
			runOnlyForDeploymentPostprocessing = 0;
		};
/* End PBXSourcesBuildPhase section */

/* Begin PBXVariantGroup section */
		99B3884E26B5485F00CDD957 /* LaunchScreen.storyboard */ = {
			isa = PBXVariantGroup;
			children = (
				99B3884F26B5485F00CDD957 /* Base */,
			);
			name = LaunchScreen.storyboard;
			sourceTree = "<group>";
		};
/* End PBXVariantGroup section */

/* Begin XCBuildConfiguration section */
		99B3885226B5485F00CDD957 /* Debug */ = {
			isa = XCBuildConfiguration;
			buildSettings = {
				ALWAYS_SEARCH_USER_PATHS = NO;
				CLANG_ANALYZER_NONNULL = YES;
				CLANG_ANALYZER_NUMBER_OBJECT_CONVERSION = YES_AGGRESSIVE;
				CLANG_CXX_LANGUAGE_STANDARD = "gnu++14";
				CLANG_CXX_LIBRARY = "libc++";
				CLANG_ENABLE_MODULES = YES;
				CLANG_ENABLE_OBJC_ARC = YES;
				CLANG_ENABLE_OBJC_WEAK = YES;
				CLANG_WARN_BLOCK_CAPTURE_AUTORELEASING = YES;
				CLANG_WARN_BOOL_CONVERSION = YES;
				CLANG_WARN_COMMA = YES;
				CLANG_WARN_CONSTANT_CONVERSION = YES;
				CLANG_WARN_DEPRECATED_OBJC_IMPLEMENTATIONS = YES;
				CLANG_WARN_DIRECT_OBJC_ISA_USAGE = YES_ERROR;
				CLANG_WARN_DOCUMENTATION_COMMENTS = YES;
				CLANG_WARN_EMPTY_BODY = YES;
				CLANG_WARN_ENUM_CONVERSION = YES;
				CLANG_WARN_INFINITE_RECURSION = YES;
				CLANG_WARN_INT_CONVERSION = YES;
				CLANG_WARN_NON_LITERAL_NULL_CONVERSION = YES;
				CLANG_WARN_OBJC_IMPLICIT_RETAIN_SELF = YES;
				CLANG_WARN_OBJC_LITERAL_CONVERSION = YES;
				CLANG_WARN_OBJC_ROOT_CLASS = YES_ERROR;
				CLANG_WARN_QUOTED_INCLUDE_IN_FRAMEWORK_HEADER = YES;
				CLANG_WARN_RANGE_LOOP_ANALYSIS = YES;
				CLANG_WARN_STRICT_PROTOTYPES = YES;
				CLANG_WARN_SUSPICIOUS_MOVE = YES;
				CLANG_WARN_UNGUARDED_AVAILABILITY = YES_AGGRESSIVE;
				CLANG_WARN_UNREACHABLE_CODE = YES;
				CLANG_WARN__DUPLICATE_METHOD_MATCH = YES;
				COPY_PHASE_STRIP = NO;
				DEBUG_INFORMATION_FORMAT = dwarf;
				ENABLE_STRICT_OBJC_MSGSEND = YES;
				ENABLE_TESTABILITY = YES;
				GCC_C_LANGUAGE_STANDARD = gnu11;
				GCC_DYNAMIC_NO_PIC = NO;
				GCC_NO_COMMON_BLOCKS = YES;
				GCC_OPTIMIZATION_LEVEL = 0;
				GCC_PREPROCESSOR_DEFINITIONS = (
					"DEBUG=1",
					"$(inherited)",
				);
				GCC_WARN_64_TO_32_BIT_CONVERSION = YES;
				GCC_WARN_ABOUT_RETURN_TYPE = YES_ERROR;
				GCC_WARN_UNDECLARED_SELECTOR = YES;
				GCC_WARN_UNINITIALIZED_AUTOS = YES_AGGRESSIVE;
				GCC_WARN_UNUSED_FUNCTION = YES;
				GCC_WARN_UNUSED_VARIABLE = YES;
				IPHONEOS_DEPLOYMENT_TARGET = 13.0;
				MTL_ENABLE_DEBUG_INFO = INCLUDE_SOURCE;
				MTL_FAST_MATH = YES;
				ONLY_ACTIVE_ARCH = YES;
				SDKROOT = iphoneos;
				SWIFT_ACTIVE_COMPILATION_CONDITIONS = DEBUG;
				SWIFT_OPTIMIZATION_LEVEL = "-Onone";
			};
			name = Debug;
		};
		99B3885326B5485F00CDD957 /* Release */ = {
			isa = XCBuildConfiguration;
			buildSettings = {
				ALWAYS_SEARCH_USER_PATHS = NO;
				CLANG_ANALYZER_NONNULL = YES;
				CLANG_ANALYZER_NUMBER_OBJECT_CONVERSION = YES_AGGRESSIVE;
				CLANG_CXX_LANGUAGE_STANDARD = "gnu++14";
				CLANG_CXX_LIBRARY = "libc++";
				CLANG_ENABLE_MODULES = YES;
				CLANG_ENABLE_OBJC_ARC = YES;
				CLANG_ENABLE_OBJC_WEAK = YES;
				CLANG_WARN_BLOCK_CAPTURE_AUTORELEASING = YES;
				CLANG_WARN_BOOL_CONVERSION = YES;
				CLANG_WARN_COMMA = YES;
				CLANG_WARN_CONSTANT_CONVERSION = YES;
				CLANG_WARN_DEPRECATED_OBJC_IMPLEMENTATIONS = YES;
				CLANG_WARN_DIRECT_OBJC_ISA_USAGE = YES_ERROR;
				CLANG_WARN_DOCUMENTATION_COMMENTS = YES;
				CLANG_WARN_EMPTY_BODY = YES;
				CLANG_WARN_ENUM_CONVERSION = YES;
				CLANG_WARN_INFINITE_RECURSION = YES;
				CLANG_WARN_INT_CONVERSION = YES;
				CLANG_WARN_NON_LITERAL_NULL_CONVERSION = YES;
				CLANG_WARN_OBJC_IMPLICIT_RETAIN_SELF = YES;
				CLANG_WARN_OBJC_LITERAL_CONVERSION = YES;
				CLANG_WARN_OBJC_ROOT_CLASS = YES_ERROR;
				CLANG_WARN_QUOTED_INCLUDE_IN_FRAMEWORK_HEADER = YES;
				CLANG_WARN_RANGE_LOOP_ANALYSIS = YES;
				CLANG_WARN_STRICT_PROTOTYPES = YES;
				CLANG_WARN_SUSPICIOUS_MOVE = YES;
				CLANG_WARN_UNGUARDED_AVAILABILITY = YES_AGGRESSIVE;
				CLANG_WARN_UNREACHABLE_CODE = YES;
				CLANG_WARN__DUPLICATE_METHOD_MATCH = YES;
				COPY_PHASE_STRIP = NO;
				DEBUG_INFORMATION_FORMAT = "dwarf-with-dsym";
				ENABLE_NS_ASSERTIONS = NO;
				ENABLE_STRICT_OBJC_MSGSEND = YES;
				GCC_C_LANGUAGE_STANDARD = gnu11;
				GCC_NO_COMMON_BLOCKS = YES;
				GCC_WARN_64_TO_32_BIT_CONVERSION = YES;
				GCC_WARN_ABOUT_RETURN_TYPE = YES_ERROR;
				GCC_WARN_UNDECLARED_SELECTOR = YES;
				GCC_WARN_UNINITIALIZED_AUTOS = YES_AGGRESSIVE;
				GCC_WARN_UNUSED_FUNCTION = YES;
				GCC_WARN_UNUSED_VARIABLE = YES;
				IPHONEOS_DEPLOYMENT_TARGET = 13.0;
				MTL_ENABLE_DEBUG_INFO = NO;
				MTL_FAST_MATH = YES;
				SDKROOT = iphoneos;
				SWIFT_COMPILATION_MODE = wholemodule;
				SWIFT_OPTIMIZATION_LEVEL = "-O";
				VALIDATE_PRODUCT = YES;
			};
			name = Release;
		};
		99B3885526B5485F00CDD957 /* Debug */ = {
			isa = XCBuildConfiguration;
			baseConfigurationReference = 11A50A4B65FE2A7DB87E7488 /* Pods-EmployeesAndGallery.debug.xcconfig */;
			buildSettings = {
				ASSETCATALOG_COMPILER_APPICON_NAME = AppIcon;
				ASSETCATALOG_COMPILER_GLOBAL_ACCENT_COLOR_NAME = AccentColor;
				CODE_SIGN_STYLE = Automatic;
				DEVELOPMENT_TEAM = 7QB942BUUZ;
				INFOPLIST_FILE = EmployeesAndGallery/Info.plist;
				IPHONEOS_DEPLOYMENT_TARGET = 13.0;
				LD_RUNPATH_SEARCH_PATHS = (
					"$(inherited)",
					"@executable_path/Frameworks",
				);
				PRODUCT_BUNDLE_IDENTIFIER = com.alexbal.EmployeesAndGallery;
				PRODUCT_NAME = "$(TARGET_NAME)";
				SWIFT_VERSION = 5.0;
				TARGETED_DEVICE_FAMILY = 1;
			};
			name = Debug;
		};
		99B3885626B5485F00CDD957 /* Release */ = {
			isa = XCBuildConfiguration;
			baseConfigurationReference = 4E5DBCA6C8E86CC88A846C9C /* Pods-EmployeesAndGallery.release.xcconfig */;
			buildSettings = {
				ASSETCATALOG_COMPILER_APPICON_NAME = AppIcon;
				ASSETCATALOG_COMPILER_GLOBAL_ACCENT_COLOR_NAME = AccentColor;
				CODE_SIGN_STYLE = Automatic;
				DEVELOPMENT_TEAM = 7QB942BUUZ;
				INFOPLIST_FILE = EmployeesAndGallery/Info.plist;
				IPHONEOS_DEPLOYMENT_TARGET = 13.0;
				LD_RUNPATH_SEARCH_PATHS = (
					"$(inherited)",
					"@executable_path/Frameworks",
				);
				PRODUCT_BUNDLE_IDENTIFIER = com.alexbal.EmployeesAndGallery;
				PRODUCT_NAME = "$(TARGET_NAME)";
				SWIFT_VERSION = 5.0;
				TARGETED_DEVICE_FAMILY = 1;
			};
			name = Release;
		};
/* End XCBuildConfiguration section */

/* Begin XCConfigurationList section */
		99B3883826B5485D00CDD957 /* Build configuration list for PBXProject "EmployeesAndGallery" */ = {
			isa = XCConfigurationList;
			buildConfigurations = (
				99B3885226B5485F00CDD957 /* Debug */,
				99B3885326B5485F00CDD957 /* Release */,
			);
			defaultConfigurationIsVisible = 0;
			defaultConfigurationName = Release;
		};
		99B3885426B5485F00CDD957 /* Build configuration list for PBXNativeTarget "EmployeesAndGallery" */ = {
			isa = XCConfigurationList;
			buildConfigurations = (
				99B3885526B5485F00CDD957 /* Debug */,
				99B3885626B5485F00CDD957 /* Release */,
			);
			defaultConfigurationIsVisible = 0;
			defaultConfigurationName = Release;
		};
/* End XCConfigurationList section */

/* Begin XCVersionGroup section */
		99B3884926B5485D00CDD957 /* EmployeesAndGallery.xcdatamodeld */ = {
			isa = XCVersionGroup;
			children = (
				99B3884A26B5485D00CDD957 /* EmployeesAndGallery.xcdatamodel */,
			);
			currentVersion = 99B3884A26B5485D00CDD957 /* EmployeesAndGallery.xcdatamodel */;
			path = EmployeesAndGallery.xcdatamodeld;
			sourceTree = "<group>";
			versionGroupType = wrapper.xcdatamodel;
		};
/* End XCVersionGroup section */
	};
	rootObject = 99B3883526B5485D00CDD957 /* Project object */;
}
